
Microsoft Visual Studio Solution File, Format Version 12.00
# Visual Studio Version 17
VisualStudioVersion = 17.4.33122.133
MinimumVisualStudioVersion = 10.0.40219.1
Project("{FAE04EC0-301F-11D3-BF4B-00C04F79EFBC}") = "ReportingTester", "ReportingTester.csproj", "{10531B19-41F2-4623-8A2A-870A99D5F7F5}"
EndProject
Global
	GlobalSection(SolutionConfigurationPlatforms) = preSolution
		Debug|Any CPU = Debug|Any CPU
		Release|Any CPU = Release|Any CPU
	EndGlobalSection
	GlobalSection(ProjectConfigurationPlatforms) = postSolution
		{10531B19-41F2-4623-8A2A-870A99D5F7F5}.Debug|Any CPU.ActiveCfg = Debug|Any CPU
		{10531B19-41F2-4623-8A2A-870A99D5F7F5}.Debug|Any CPU.Build.0 = Debug|Any CPU
		{10531B19-41F2-4623-8A2A-870A99D5F7F5}.Release|Any CPU.ActiveCfg = Release|Any CPU
		{10531B19-41F2-4623-8A2A-870A99D5F7F5}.Release|Any CPU.Build.0 = Release|Any CPU
	EndGlobalSection
	GlobalSection(SolutionProperties) = preSolution
		HideSolutionNode = FALSE
	EndGlobalSection
	GlobalSection(ExtensibilityGlobals) = postSolution
		SolutionGuid = {FEBC79C6-EDCF-4A94-A18D-549E9777EC0C}
	EndGlobalSection
EndGlobal
